# This file was autogenerated by Stack.
# You should not edit this file by hand.
# For more information, please see the documentation at:
#   https://docs.haskellstack.org/en/stable/lock_files

packages:
- completed:
    hackage: hlint-3.2.1@sha256:d8376ecc15ceaf3ddb66bb960e7291582146bc25ec332515a37f009bffbb6d1c,3925
    pantry-tree:
      size: 4194
      sha256: b7c3e654ed0789a4c05497af0f7f8b25edf1da3a9f9ec6fe13d3c4a90a1404e5
  original:
    hackage: hlint-3.2.1
- completed:
    hackage: hpc-codecov-0.2.0.0@sha256:6328ed7eec763a149a1f50b83c2d8af4e067a0e3c4780f626e37801964f13d41,2618
    pantry-tree:
      size: 839
      sha256: d55a9fc59f4f336192c07489c673f7954c8645285194000fe51a546adb102e34
  original:
    hackage: hpc-codecov-0.2.0.0
- completed:
    hackage: tini-0.1.0.1@sha256:2bb0cbb42c6e45ba3cf94b83b5c37bea019fb21d4f2ecd42b834f2d022b27af2,1923
    pantry-tree:
      size: 742
      sha256: 21d237f415105f50c233959dcbe9e8013acf7130e8a8f23cd769c0df7d094d5f
  original:
    hackage: tini-0.1.0.1
snapshots:
- completed:
    size: 532177
    url: https://raw.githubusercontent.com/commercialhaskell/stackage-snapshots/master/lts/16/20.yaml
    sha256: 0e14ba5603f01e8496e8984fd84b545a012ca723f51a098c6c9d3694e404dc6d
  original: lts-16.20
